
Microsoft Visual Studio Solution File, Format Version 12.00
# Visual Studio 15
VisualStudioVersion = 15.0.28010.2050
MinimumVisualStudioVersion = 10.0.40219.1
Project("{FAE04EC0-301F-11D3-BF4B-00C04F79EFBC}") = "01. Wormtest", "01. Wormtest\01. Wormtest.csproj", "{D178DE47-4047-4BA0-A87B-504192CCC22B}"
EndProject
Project("{FAE04EC0-301F-11D3-BF4B-00C04F79EFBC}") = "02. Worm Ipsum", "02. Worm Ipsum\02. Worm Ipsum.csproj", "{8D35BE84-19A6-4CC3-B248-F110432B4966}"
EndProject
Project("{FAE04EC0-301F-11D3-BF4B-00C04F79EFBC}") = "03. Wormhole", "03. Wormhole\03. Wormhole.csproj", "{CD75FD1D-DAD0-4C69-8DAC-30F20A61969F}"
EndProject
Project("{FAE04EC0-301F-11D3-BF4B-00C04F79EFBC}") = "04. Worms World Party", "04. Worms World Party\04. Worms World Party.csproj", "{810A5077-A045-4F74-BC24-FB3C48D18E85}"
EndProject
Global
	GlobalSection(SolutionConfigurationPlatforms) = preSolution
		Debug|Any CPU = Debug|Any CPU
		Release|Any CPU = Release|Any CPU
	EndGlobalSection
	GlobalSection(ProjectConfigurationPlatforms) = postSolution
		{D178DE47-4047-4BA0-A87B-504192CCC22B}.Debug|Any CPU.ActiveCfg = Debug|Any CPU
		{D178DE47-4047-4BA0-A87B-504192CCC22B}.Debug|Any CPU.Build.0 = Debug|Any CPU
		{D178DE47-4047-4BA0-A87B-504192CCC22B}.Release|Any CPU.ActiveCfg = Release|Any CPU
		{D178DE47-4047-4BA0-A87B-504192CCC22B}.Release|Any CPU.Build.0 = Release|Any CPU
		{8D35BE84-19A6-4CC3-B248-F110432B4966}.Debug|Any CPU.ActiveCfg = Debug|Any CPU
		{8D35BE84-19A6-4CC3-B248-F110432B4966}.Debug|Any CPU.Build.0 = Debug|Any CPU
		{8D35BE84-19A6-4CC3-B248-F110432B4966}.Release|Any CPU.ActiveCfg = Release|Any CPU
		{8D35BE84-19A6-4CC3-B248-F110432B4966}.Release|Any CPU.Build.0 = Release|Any CPU
		{CD75FD1D-DAD0-4C69-8DAC-30F20A61969F}.Debug|Any CPU.ActiveCfg = Debug|Any CPU
		{CD75FD1D-DAD0-4C69-8DAC-30F20A61969F}.Debug|Any CPU.Build.0 = Debug|Any CPU
		{CD75FD1D-DAD0-4C69-8DAC-30F20A61969F}.Release|Any CPU.ActiveCfg = Release|Any CPU
		{CD75FD1D-DAD0-4C69-8DAC-30F20A61969F}.Release|Any CPU.Build.0 = Release|Any CPU
		{810A5077-A045-4F74-BC24-FB3C48D18E85}.Debug|Any CPU.ActiveCfg = Debug|Any CPU
		{810A5077-A045-4F74-BC24-FB3C48D18E85}.Debug|Any CPU.Build.0 = Debug|Any CPU
		{810A5077-A045-4F74-BC24-FB3C48D18E85}.Release|Any CPU.ActiveCfg = Release|Any CPU
		{810A5077-A045-4F74-BC24-FB3C48D18E85}.Release|Any CPU.Build.0 = Release|Any CPU
	EndGlobalSection
	GlobalSection(SolutionProperties) = preSolution
		HideSolutionNode = FALSE
	EndGlobalSection
	GlobalSection(ExtensibilityGlobals) = postSolution
		SolutionGuid = {C5255BE6-5A96-423B-BC86-7EFA4F99FC48}
	EndGlobalSection
EndGlobal
